
Microsoft Visual Studio Solution File, Format Version 12.00
# Visual Studio Version 16
VisualStudioVersion = 16.0.30517.126
MinimumVisualStudioVersion = 10.0.40219.1
Project("{9A19103F-16F7-4668-BE54-9A1E7A4F7556}") = "OOPS", "OOPS\OOPS.csproj", "{C4671A0D-CE2C-42CB-9C94-6E9951B73C26}"
EndProject
Project("{9A19103F-16F7-4668-BE54-9A1E7A4F7556}") = "MotorRevisie", "MotorRevisie\MotorRevisie.csproj", "{1EB3218F-D89F-49E7-A453-313B86AC8BF4}"
EndProject
Project("{9A19103F-16F7-4668-BE54-9A1E7A4F7556}") = "Bedrijven", "Bedrijven\Bedrijven.csproj", "{53E79FBC-AC67-4817-9207-DDE98B9AD7D8}"
EndProject
Project("{FAE04EC0-301F-11D3-BF4B-00C04F79EFBC}") = "Torens", "Torens\Torens.csproj", "{EA7D797D-9A4C-4C8A-B69C-A931418AA1D6}"
EndProject
Project("{FAE04EC0-301F-11D3-BF4B-00C04F79EFBC}") = "Map", "Map\Map.csproj", "{A50A1390-09E6-4D66-9524-5CA4E15E4E32}"
EndProject
Global
	GlobalSection(SolutionConfigurationPlatforms) = preSolution
		Debug|Any CPU = Debug|Any CPU
		Release|Any CPU = Release|Any CPU
	EndGlobalSection
	GlobalSection(ProjectConfigurationPlatforms) = postSolution
		{C4671A0D-CE2C-42CB-9C94-6E9951B73C26}.Debug|Any CPU.ActiveCfg = Debug|Any CPU
		{C4671A0D-CE2C-42CB-9C94-6E9951B73C26}.Debug|Any CPU.Build.0 = Debug|Any CPU
		{C4671A0D-CE2C-42CB-9C94-6E9951B73C26}.Release|Any CPU.ActiveCfg = Release|Any CPU
		{C4671A0D-CE2C-42CB-9C94-6E9951B73C26}.Release|Any CPU.Build.0 = Release|Any CPU
		{1EB3218F-D89F-49E7-A453-313B86AC8BF4}.Debug|Any CPU.ActiveCfg = Debug|Any CPU
		{1EB3218F-D89F-49E7-A453-313B86AC8BF4}.Debug|Any CPU.Build.0 = Debug|Any CPU
		{1EB3218F-D89F-49E7-A453-313B86AC8BF4}.Release|Any CPU.ActiveCfg = Release|Any CPU
		{1EB3218F-D89F-49E7-A453-313B86AC8BF4}.Release|Any CPU.Build.0 = Release|Any CPU
		{53E79FBC-AC67-4817-9207-DDE98B9AD7D8}.Debug|Any CPU.ActiveCfg = Debug|Any CPU
		{53E79FBC-AC67-4817-9207-DDE98B9AD7D8}.Debug|Any CPU.Build.0 = Debug|Any CPU
		{53E79FBC-AC67-4817-9207-DDE98B9AD7D8}.Release|Any CPU.ActiveCfg = Release|Any CPU
		{53E79FBC-AC67-4817-9207-DDE98B9AD7D8}.Release|Any CPU.Build.0 = Release|Any CPU
		{EA7D797D-9A4C-4C8A-B69C-A931418AA1D6}.Debug|Any CPU.ActiveCfg = Debug|Any CPU
		{EA7D797D-9A4C-4C8A-B69C-A931418AA1D6}.Debug|Any CPU.Build.0 = Debug|Any CPU
		{EA7D797D-9A4C-4C8A-B69C-A931418AA1D6}.Release|Any CPU.ActiveCfg = Release|Any CPU
		{EA7D797D-9A4C-4C8A-B69C-A931418AA1D6}.Release|Any CPU.Build.0 = Release|Any CPU
		{A50A1390-09E6-4D66-9524-5CA4E15E4E32}.Debug|Any CPU.ActiveCfg = Debug|Any CPU
		{A50A1390-09E6-4D66-9524-5CA4E15E4E32}.Debug|Any CPU.Build.0 = Debug|Any CPU
		{A50A1390-09E6-4D66-9524-5CA4E15E4E32}.Release|Any CPU.ActiveCfg = Release|Any CPU
		{A50A1390-09E6-4D66-9524-5CA4E15E4E32}.Release|Any CPU.Build.0 = Release|Any CPU
	EndGlobalSection
	GlobalSection(SolutionProperties) = preSolution
		HideSolutionNode = FALSE
	EndGlobalSection
	GlobalSection(ExtensibilityGlobals) = postSolution
		SolutionGuid = {BE8AF002-5AEF-4D14-A30E-0F6C928AD8EB}
	EndGlobalSection
EndGlobal
