
Microsoft Visual Studio Solution File, Format Version 12.00
# Visual Studio Version 16
VisualStudioVersion = 16.0.30621.155
MinimumVisualStudioVersion = 10.0.40219.1
Project("{9A19103F-16F7-4668-BE54-9A1E7A4F7556}") = "Boikon.Entities", "Boikon.Entities\Boikon.Entities.csproj", "{69980FC4-2848-435B-9920-36E9BB821E5E}"
EndProject
Project("{9A19103F-16F7-4668-BE54-9A1E7A4F7556}") = "Boikon.WebApi", "Boikon.WebApi\Boikon.WebApi.csproj", "{F0C4FA03-51A3-44B8-846E-A54C06FE57CC}"
EndProject
Project("{9A19103F-16F7-4668-BE54-9A1E7A4F7556}") = "Boikon.Interfaces", "Boikon.Interfaces\Boikon.Interfaces.csproj", "{FD2FD57E-8737-46CF-A704-F86BA3DCFB6B}"
EndProject
Project("{9A19103F-16F7-4668-BE54-9A1E7A4F7556}") = "Boikon.Repository.InMemory", "Boikon.Repository.InMemory\Boikon.Repository.InMemory.csproj", "{2248CBAC-E2D7-4965-90EA-19405E252501}"
EndProject
Global
	GlobalSection(SolutionConfigurationPlatforms) = preSolution
		Debug|Any CPU = Debug|Any CPU
		Release|Any CPU = Release|Any CPU
	EndGlobalSection
	GlobalSection(ProjectConfigurationPlatforms) = postSolution
		{69980FC4-2848-435B-9920-36E9BB821E5E}.Debug|Any CPU.ActiveCfg = Debug|Any CPU
		{69980FC4-2848-435B-9920-36E9BB821E5E}.Debug|Any CPU.Build.0 = Debug|Any CPU
		{69980FC4-2848-435B-9920-36E9BB821E5E}.Release|Any CPU.ActiveCfg = Release|Any CPU
		{69980FC4-2848-435B-9920-36E9BB821E5E}.Release|Any CPU.Build.0 = Release|Any CPU
		{F0C4FA03-51A3-44B8-846E-A54C06FE57CC}.Debug|Any CPU.ActiveCfg = Debug|Any CPU
		{F0C4FA03-51A3-44B8-846E-A54C06FE57CC}.Debug|Any CPU.Build.0 = Debug|Any CPU
		{F0C4FA03-51A3-44B8-846E-A54C06FE57CC}.Release|Any CPU.ActiveCfg = Release|Any CPU
		{F0C4FA03-51A3-44B8-846E-A54C06FE57CC}.Release|Any CPU.Build.0 = Release|Any CPU
		{FD2FD57E-8737-46CF-A704-F86BA3DCFB6B}.Debug|Any CPU.ActiveCfg = Debug|Any CPU
		{FD2FD57E-8737-46CF-A704-F86BA3DCFB6B}.Debug|Any CPU.Build.0 = Debug|Any CPU
		{FD2FD57E-8737-46CF-A704-F86BA3DCFB6B}.Release|Any CPU.ActiveCfg = Release|Any CPU
		{FD2FD57E-8737-46CF-A704-F86BA3DCFB6B}.Release|Any CPU.Build.0 = Release|Any CPU
		{2248CBAC-E2D7-4965-90EA-19405E252501}.Debug|Any CPU.ActiveCfg = Debug|Any CPU
		{2248CBAC-E2D7-4965-90EA-19405E252501}.Debug|Any CPU.Build.0 = Debug|Any CPU
		{2248CBAC-E2D7-4965-90EA-19405E252501}.Release|Any CPU.ActiveCfg = Release|Any CPU
		{2248CBAC-E2D7-4965-90EA-19405E252501}.Release|Any CPU.Build.0 = Release|Any CPU
	EndGlobalSection
	GlobalSection(SolutionProperties) = preSolution
		HideSolutionNode = FALSE
	EndGlobalSection
	GlobalSection(ExtensibilityGlobals) = postSolution
		SolutionGuid = {4950053E-9EBD-410C-87E6-D3058AC7703B}
	EndGlobalSection
EndGlobal
