
Microsoft Visual Studio Solution File, Format Version 12.00
# Visual Studio Version 16
VisualStudioVersion = 16.0.30621.155
MinimumVisualStudioVersion = 10.0.40219.1
Project("{FAE04EC0-301F-11D3-BF4B-00C04F79EFBC}") = "RekenMachine", "RekenMachine\RekenMachine.csproj", "{CEF26079-E904-498C-BC09-15B7B0761FB3}"
EndProject
Project("{FAE04EC0-301F-11D3-BF4B-00C04F79EFBC}") = "AsyncConsole", "AsyncConsole\AsyncConsole.csproj", "{2A91DF49-7AD5-415D-A3A7-C4ADC5F522B8}"
EndProject
Global
	GlobalSection(SolutionConfigurationPlatforms) = preSolution
		Debug|Any CPU = Debug|Any CPU
		Release|Any CPU = Release|Any CPU
	EndGlobalSection
	GlobalSection(ProjectConfigurationPlatforms) = postSolution
		{CEF26079-E904-498C-BC09-15B7B0761FB3}.Debug|Any CPU.ActiveCfg = Debug|Any CPU
		{CEF26079-E904-498C-BC09-15B7B0761FB3}.Debug|Any CPU.Build.0 = Debug|Any CPU
		{CEF26079-E904-498C-BC09-15B7B0761FB3}.Release|Any CPU.ActiveCfg = Release|Any CPU
		{CEF26079-E904-498C-BC09-15B7B0761FB3}.Release|Any CPU.Build.0 = Release|Any CPU
		{2A91DF49-7AD5-415D-A3A7-C4ADC5F522B8}.Debug|Any CPU.ActiveCfg = Debug|Any CPU
		{2A91DF49-7AD5-415D-A3A7-C4ADC5F522B8}.Debug|Any CPU.Build.0 = Debug|Any CPU
		{2A91DF49-7AD5-415D-A3A7-C4ADC5F522B8}.Release|Any CPU.ActiveCfg = Release|Any CPU
		{2A91DF49-7AD5-415D-A3A7-C4ADC5F522B8}.Release|Any CPU.Build.0 = Release|Any CPU
	EndGlobalSection
	GlobalSection(SolutionProperties) = preSolution
		HideSolutionNode = FALSE
	EndGlobalSection
	GlobalSection(ExtensibilityGlobals) = postSolution
		SolutionGuid = {F08C7633-BCFC-4FC7-A05A-7F2F85D8030E}
	EndGlobalSection
EndGlobal
